
Microsoft Visual Studio Solution File, Format Version 12.00
# Visual Studio 15
VisualStudioVersion = 15.0.27004.2005
MinimumVisualStudioVersion = 10.0.40219.1
Project("{FAE04EC0-301F-11D3-BF4B-00C04F79EFBC}") = "StringExtension.Net35", "StringExtension\StringExtension.Net35.csproj", "{61F15B4F-9CE5-447B-9000-9FA7B061EB05}"
	ProjectSection(ProjectDependencies) = postProject
		{EC5F1F94-5ED7-4336-A891-1309A5599CA5} = {EC5F1F94-5ED7-4336-A891-1309A5599CA5}
	EndProjectSection
EndProject
Project("{9A19103F-16F7-4668-BE54-9A1E7A4F7556}") = "StringExtension.NetStd13", "StringExtension\StringExtension.NetStd13.csproj", "{FF93A9DA-50CD-4023-8026-3FCE69BF020A}"
EndProject
Project("{FAE04EC0-301F-11D3-BF4B-00C04F79EFBC}") = "StringExtension.Net35.Tests", "StringExtension.Tests\StringExtension.Net35.Tests.csproj", "{C9F2389A-C762-4577-A628-164F116FCB24}"
EndProject
Project("{FAE04EC0-301F-11D3-BF4B-00C04F79EFBC}") = "StringExtension.NetStd13.Tests", "StringExtension.Tests\StringExtension.NetStd13.Tests.csproj", "{EC5F1F94-5ED7-4336-A891-1309A5599CA5}"
EndProject
Global
	GlobalSection(SolutionConfigurationPlatforms) = preSolution
		Debug|Any CPU = Debug|Any CPU
		Release|Any CPU = Release|Any CPU
	EndGlobalSection
	GlobalSection(ProjectConfigurationPlatforms) = postSolution
		{61F15B4F-9CE5-447B-9000-9FA7B061EB05}.Debug|Any CPU.ActiveCfg = Debug|Any CPU
		{61F15B4F-9CE5-447B-9000-9FA7B061EB05}.Debug|Any CPU.Build.0 = Debug|Any CPU
		{61F15B4F-9CE5-447B-9000-9FA7B061EB05}.Release|Any CPU.ActiveCfg = Release|Any CPU
		{61F15B4F-9CE5-447B-9000-9FA7B061EB05}.Release|Any CPU.Build.0 = Release|Any CPU
		{FF93A9DA-50CD-4023-8026-3FCE69BF020A}.Debug|Any CPU.ActiveCfg = Debug|Any CPU
		{FF93A9DA-50CD-4023-8026-3FCE69BF020A}.Debug|Any CPU.Build.0 = Debug|Any CPU
		{FF93A9DA-50CD-4023-8026-3FCE69BF020A}.Release|Any CPU.ActiveCfg = Release|Any CPU
		{FF93A9DA-50CD-4023-8026-3FCE69BF020A}.Release|Any CPU.Build.0 = Release|Any CPU
		{C9F2389A-C762-4577-A628-164F116FCB24}.Debug|Any CPU.ActiveCfg = Debug|Any CPU
		{C9F2389A-C762-4577-A628-164F116FCB24}.Debug|Any CPU.Build.0 = Debug|Any CPU
		{C9F2389A-C762-4577-A628-164F116FCB24}.Release|Any CPU.ActiveCfg = Release|Any CPU
		{C9F2389A-C762-4577-A628-164F116FCB24}.Release|Any CPU.Build.0 = Release|Any CPU
		{EC5F1F94-5ED7-4336-A891-1309A5599CA5}.Debug|Any CPU.ActiveCfg = Debug|Any CPU
		{EC5F1F94-5ED7-4336-A891-1309A5599CA5}.Debug|Any CPU.Build.0 = Debug|Any CPU
		{EC5F1F94-5ED7-4336-A891-1309A5599CA5}.Release|Any CPU.ActiveCfg = Release|Any CPU
		{EC5F1F94-5ED7-4336-A891-1309A5599CA5}.Release|Any CPU.Build.0 = Release|Any CPU
	EndGlobalSection
	GlobalSection(SolutionProperties) = preSolution
		HideSolutionNode = FALSE
	EndGlobalSection
	GlobalSection(ExtensibilityGlobals) = postSolution
		SolutionGuid = {B922C220-3C24-4C09-8A73-2D6FC16C89FF}
	EndGlobalSection
EndGlobal
